{
  "name": "locustjs-extensions-string",
  "version": "1.0.1",
  "lockfileVersion": 1,
  "requires": true,
  "dependencies": {
    "locustjs-base": {
      "version": "1.0.4",
      "resolved": "https://registry.npmjs.org/locustjs-base/-/locustjs-base-1.0.4.tgz",
      "integrity": "sha512-98nDxPPqpxa7v4JUOW0oBRaEL+B/ztTwohSjHw22ahdZO4Lel32PQBg8Y8UM+P5vytZYgHPE7+6viwCbJJxd9w=="
    },
    "locustjs-enum": {
      "version": "1.0.1",
      "resolved": "https://registry.npmjs.org/locustjs-enum/-/locustjs-enum-1.0.1.tgz",
      "integrity": "sha512-6MDcVu4/MNSSbgwPNmTaQKdqBsQZ8PvHX+7qHSdhnj40RBxWObe7NPp/vbWHxeGkN6UuY61lHFITIQqIvp+Row==",
      "requires": {
        "locustjs-base": "^1.0.9"
      },
      "dependencies": {
        "locustjs-base": {
          "version": "1.0.9",
          "resolved": "https://registry.npmjs.org/locustjs-base/-/locustjs-base-1.0.9.tgz",
          "integrity": "sha512-PnpOg0JwPjy/PKtXIflz1+xmge3u1ktzFICBJtHzUfyj4sGEZpcc4EfZ5w2yl5azg/c+SpAzjgNe+3dJWQci/A=="
        }
      }
    },
    "locustjs-extensions-options": {
      "version": "1.0.5",
      "resolved": "https://registry.npmjs.org/locustjs-extensions-options/-/locustjs-extensions-options-1.0.5.tgz",
      "integrity": "sha512-mLd2omq/7wFKUVjd8BmwpTkePd+7nuNOdo3cYMKxiNBtnFpbPHREg/2CHAj6BC+/x+68gS04sPig/itAdLFj9Q==",
      "requires": {
        "locustjs-base": "^1.0.4"
      }
    }
  }
}
